lockfileVersion: '6.0'

dependencies:
  nanoid:
    specifier: ^4.0.2
    version: registry.npmmirror.com/nanoid@4.0.2

packages:

  registry.npmmirror.com/nanoid@4.0.2:
    resolution: {integrity: sha512-7ZtY5KTCNheRGfEFxnedV5zFiORN1+Y1N6zvPTnHQd8ENUvfaDBeuJDZb2bN/oXwXxu3qkTXDzy57W5vAmDTBw==, registry: https://registry.npm.taobao.org/, tarball: https://registry.npmmirror.com/nanoid/-/nanoid-4.0.2.tgz}
    name: nanoid
    version: 4.0.2
    engines: {node: ^14 || ^16 || >=18}
    hasBin: true
    dev: false
